
Microsoft Visual Studio Solution File, Format Version 12.00
# Visual Studio 15
VisualStudioVersion = 15.0.27703.2035
MinimumVisualStudioVersion = 10.0.40219.1
Project("{FAE04EC0-301F-11D3-BF4B-00C04F79EFBC}") = "ElfConsoleApplication", "ElfConsoleApplication\ElfConsoleApplication.csproj", "{35410508-B7FD-45B1-8E2D-76C311B2130A}"
EndProject
Project("{2150E333-8FDC-42A3-9474-1A3956D46DE8}") = "DataExamples", "DataExamples", "{C960B35E-8CDD-4B0F-A232-B91C8411007C}"
	ProjectSection(SolutionItems) = preProject
		DataExamples\ValuesFromDevices.txt = DataExamples\ValuesFromDevices.txt
	EndProjectSection
EndProject
Project("{2150E333-8FDC-42A3-9474-1A3956D46DE8}") = "Docs", "Docs", "{0590D187-9A46-4955-8380-22C4D71FC3EC}"
	ProjectSection(SolutionItems) = preProject
		DataExamples\Docs\M-Bus.txt = DataExamples\Docs\M-Bus.txt
		DataExamples\Docs\MBDOC48.PDF = DataExamples\Docs\MBDOC48.PDF
	EndProjectSection
EndProject
Project("{9A19103F-16F7-4668-BE54-9A1E7A4F7556}") = "System.Net.Bindings", "System.Net.Bindings\System.Net.Bindings.csproj", "{E58986B5-7F00-4EDF-A771-29D568137E95}"
EndProject
Project("{9A19103F-16F7-4668-BE54-9A1E7A4F7556}") = "System.Net.Protocols.MeterBus", "System.Net.Protocols.MeterBus\System.Net.Protocols.MeterBus.csproj", "{2AEEF95C-5337-4EAE-A636-0CF640855CF6}"
EndProject
Project("{FAE04EC0-301F-11D3-BF4B-00C04F79EFBC}") = "System.IO.Bindings", "System.IO.Bindings\System.IO.Bindings.csproj", "{3ED7DAD2-A960-4043-BCBB-477E2B86DEA6}"
EndProject
Global
	GlobalSection(SolutionConfigurationPlatforms) = preSolution
		Debug|Any CPU = Debug|Any CPU
		Release|Any CPU = Release|Any CPU
	EndGlobalSection
	GlobalSection(ProjectConfigurationPlatforms) = postSolution
		{35410508-B7FD-45B1-8E2D-76C311B2130A}.Debug|Any CPU.ActiveCfg = Debug|Any CPU
		{35410508-B7FD-45B1-8E2D-76C311B2130A}.Debug|Any CPU.Build.0 = Debug|Any CPU
		{35410508-B7FD-45B1-8E2D-76C311B2130A}.Release|Any CPU.ActiveCfg = Release|Any CPU
		{35410508-B7FD-45B1-8E2D-76C311B2130A}.Release|Any CPU.Build.0 = Release|Any CPU
		{E58986B5-7F00-4EDF-A771-29D568137E95}.Debug|Any CPU.ActiveCfg = Debug|Any CPU
		{E58986B5-7F00-4EDF-A771-29D568137E95}.Debug|Any CPU.Build.0 = Debug|Any CPU
		{E58986B5-7F00-4EDF-A771-29D568137E95}.Release|Any CPU.ActiveCfg = Release|Any CPU
		{E58986B5-7F00-4EDF-A771-29D568137E95}.Release|Any CPU.Build.0 = Release|Any CPU
		{2AEEF95C-5337-4EAE-A636-0CF640855CF6}.Debug|Any CPU.ActiveCfg = Debug|Any CPU
		{2AEEF95C-5337-4EAE-A636-0CF640855CF6}.Debug|Any CPU.Build.0 = Debug|Any CPU
		{2AEEF95C-5337-4EAE-A636-0CF640855CF6}.Release|Any CPU.ActiveCfg = Release|Any CPU
		{2AEEF95C-5337-4EAE-A636-0CF640855CF6}.Release|Any CPU.Build.0 = Release|Any CPU
		{3ED7DAD2-A960-4043-BCBB-477E2B86DEA6}.Debug|Any CPU.ActiveCfg = Debug|Any CPU
		{3ED7DAD2-A960-4043-BCBB-477E2B86DEA6}.Debug|Any CPU.Build.0 = Debug|Any CPU
		{3ED7DAD2-A960-4043-BCBB-477E2B86DEA6}.Release|Any CPU.ActiveCfg = Release|Any CPU
		{3ED7DAD2-A960-4043-BCBB-477E2B86DEA6}.Release|Any CPU.Build.0 = Release|Any CPU
	EndGlobalSection
	GlobalSection(SolutionProperties) = preSolution
		HideSolutionNode = FALSE
	EndGlobalSection
	GlobalSection(NestedProjects) = preSolution
		{0590D187-9A46-4955-8380-22C4D71FC3EC} = {C960B35E-8CDD-4B0F-A232-B91C8411007C}
	EndGlobalSection
	GlobalSection(ExtensibilityGlobals) = postSolution
		SolutionGuid = {FAC53D12-3A51-4985-BD31-BE5BD51229F6}
	EndGlobalSection
EndGlobal
